
Microsoft Visual Studio Solution File, Format Version 11.00
# Visual Studio 2010
Project("{FAE04EC0-301F-11D3-BF4B-00C04F79EFBC}") = "SignalRWindsorFacility", "SignalRWindsorFacility\SignalRWindsorFacility.csproj", "{18BE9DA9-C798-44C9-BB8B-AC52F0710905}"
EndProject
Project("{FAE04EC0-301F-11D3-BF4B-00C04F79EFBC}") = "SignalRWindsorFacilityCore", "SignalRWindsorFacilityCore\SignalRWindsorFacilityCore.csproj", "{4DC94B48-6E8A-41E5-B093-C537EFEC3987}"
EndProject
Global
	GlobalSection(SolutionConfigurationPlatforms) = preSolution
		Debug|Any CPU = Debug|Any CPU
		Release|Any CPU = Release|Any CPU
	EndGlobalSection
	GlobalSection(ProjectConfigurationPlatforms) = postSolution
		{18BE9DA9-C798-44C9-BB8B-AC52F0710905}.Debug|Any CPU.ActiveCfg = Debug|Any CPU
		{18BE9DA9-C798-44C9-BB8B-AC52F0710905}.Debug|Any CPU.Build.0 = Debug|Any CPU
		{18BE9DA9-C798-44C9-BB8B-AC52F0710905}.Release|Any CPU.ActiveCfg = Release|Any CPU
		{18BE9DA9-C798-44C9-BB8B-AC52F0710905}.Release|Any CPU.Build.0 = Release|Any CPU
		{4DC94B48-6E8A-41E5-B093-C537EFEC3987}.Debug|Any CPU.ActiveCfg = Debug|Any CPU
		{4DC94B48-6E8A-41E5-B093-C537EFEC3987}.Debug|Any CPU.Build.0 = Debug|Any CPU
		{4DC94B48-6E8A-41E5-B093-C537EFEC3987}.Release|Any CPU.ActiveCfg = Release|Any CPU
		{4DC94B48-6E8A-41E5-B093-C537EFEC3987}.Release|Any CPU.Build.0 = Release|Any CPU
	EndGlobalSection
	GlobalSection(SolutionProperties) = preSolution
		HideSolutionNode = FALSE
	EndGlobalSection
EndGlobal
